
Microsoft Visual Studio Solution File, Format Version 12.00
# Visual Studio Version 17
VisualStudioVersion = 17.4.33213.308
MinimumVisualStudioVersion = 10.0.40219.1
Project("{FAE04EC0-301F-11D3-BF4B-00C04F79EFBC}") = "BinaryTree", "BinaryTree\BinaryTree.csproj", "{D60A8DCF-1B43-4667-8C29-836165632A0D}"
EndProject
Project("{FAE04EC0-301F-11D3-BF4B-00C04F79EFBC}") = "Police", "Police\Police.csproj", "{C6A399E1-9E19-45B0-AFFB-5B3D41DAB0F7}"
EndProject
Project("{FAE04EC0-301F-11D3-BF4B-00C04F79EFBC}") = "Delegates", "Delegates\Delegates.csproj", "{A1D825AC-A58D-4AD1-9C27-D4ACCDEBA70A}"
EndProject
Global
	GlobalSection(SolutionConfigurationPlatforms) = preSolution
		Debug|Any CPU = Debug|Any CPU
		Release|Any CPU = Release|Any CPU
	EndGlobalSection
	GlobalSection(ProjectConfigurationPlatforms) = postSolution
		{D60A8DCF-1B43-4667-8C29-836165632A0D}.Debug|Any CPU.ActiveCfg = Debug|Any CPU
		{D60A8DCF-1B43-4667-8C29-836165632A0D}.Debug|Any CPU.Build.0 = Debug|Any CPU
		{D60A8DCF-1B43-4667-8C29-836165632A0D}.Release|Any CPU.ActiveCfg = Release|Any CPU
		{D60A8DCF-1B43-4667-8C29-836165632A0D}.Release|Any CPU.Build.0 = Release|Any CPU
		{C6A399E1-9E19-45B0-AFFB-5B3D41DAB0F7}.Debug|Any CPU.ActiveCfg = Debug|Any CPU
		{C6A399E1-9E19-45B0-AFFB-5B3D41DAB0F7}.Debug|Any CPU.Build.0 = Debug|Any CPU
		{C6A399E1-9E19-45B0-AFFB-5B3D41DAB0F7}.Release|Any CPU.ActiveCfg = Release|Any CPU
		{C6A399E1-9E19-45B0-AFFB-5B3D41DAB0F7}.Release|Any CPU.Build.0 = Release|Any CPU
		{A1D825AC-A58D-4AD1-9C27-D4ACCDEBA70A}.Debug|Any CPU.ActiveCfg = Debug|Any CPU
		{A1D825AC-A58D-4AD1-9C27-D4ACCDEBA70A}.Debug|Any CPU.Build.0 = Debug|Any CPU
		{A1D825AC-A58D-4AD1-9C27-D4ACCDEBA70A}.Release|Any CPU.ActiveCfg = Release|Any CPU
		{A1D825AC-A58D-4AD1-9C27-D4ACCDEBA70A}.Release|Any CPU.Build.0 = Release|Any CPU
	EndGlobalSection
	GlobalSection(SolutionProperties) = preSolution
		HideSolutionNode = FALSE
	EndGlobalSection
	GlobalSection(ExtensibilityGlobals) = postSolution
		SolutionGuid = {EF61312C-967B-4D69-AAFD-01BAB3C857ED}
	EndGlobalSection
EndGlobal
